
Microsoft Visual Studio Solution File, Format Version 12.00
# Visual Studio Version 16
VisualStudioVersion = 16.0.31205.134
MinimumVisualStudioVersion = 10.0.40219.1
Project("{FAE04EC0-301F-11D3-BF4B-00C04F79EFBC}") = "CIS.API", "CIS.API.csproj", "{7F02119F-6156-4DE8-A87C-FC3E95158433}"
EndProject
Project("{FAE04EC0-301F-11D3-BF4B-00C04F79EFBC}") = "CIS.Core", "..\CIS.Core\CIS.Core.csproj", "{5A28028B-5352-4C83-A3AC-4E025638613A}"
EndProject
Global
	GlobalSection(SolutionConfigurationPlatforms) = preSolution
		Debug|Any CPU = Debug|Any CPU
		Release|Any CPU = Release|Any CPU
	EndGlobalSection
	GlobalSection(ProjectConfigurationPlatforms) = postSolution
		{7F02119F-6156-4DE8-A87C-FC3E95158433}.Debug|Any CPU.ActiveCfg = Debug|Any CPU
		{7F02119F-6156-4DE8-A87C-FC3E95158433}.Debug|Any CPU.Build.0 = Debug|Any CPU
		{7F02119F-6156-4DE8-A87C-FC3E95158433}.Release|Any CPU.ActiveCfg = Release|Any CPU
		{7F02119F-6156-4DE8-A87C-FC3E95158433}.Release|Any CPU.Build.0 = Release|Any CPU
		{5A28028B-5352-4C83-A3AC-4E025638613A}.Debug|Any CPU.ActiveCfg = Debug|Any CPU
		{5A28028B-5352-4C83-A3AC-4E025638613A}.Debug|Any CPU.Build.0 = Debug|Any CPU
		{5A28028B-5352-4C83-A3AC-4E025638613A}.Release|Any CPU.ActiveCfg = Release|Any CPU
		{5A28028B-5352-4C83-A3AC-4E025638613A}.Release|Any CPU.Build.0 = Release|Any CPU
	EndGlobalSection
	GlobalSection(SolutionProperties) = preSolution
		HideSolutionNode = FALSE
	EndGlobalSection
	GlobalSection(ExtensibilityGlobals) = postSolution
		SolutionGuid = {64B07E5F-725A-4905-A798-93E3C07494AF}
	EndGlobalSection
EndGlobal
